github.com/cenkalti/backoff v2.2.1+incompatible h1:tNowT99t7UNflLxfYYSlKYsBpXdEet03Pg2g16Swow4=
github.com/cenkalti/backoff v2.2.1+incompatible/go.mod h1:90ReRw6GdpyfrHakVjL/QHaoyV4aDUVVkXQJJJ3NXXM=
github.com/zorkian/go-datadog-api v2.24.0+incompatible h1:conz6t5Vu0nIVigLpinYudl6uYc+xhajR6WuX+tD21I=
github.com/zorkian/go-datadog-api v2.24.0+incompatible/go.mod h1:PkXwHX9CUQa/FpB9ZwAD45N1uhCW4MT/Wj7m36PbKss=
